// !$*UTF8*$!
{
	archiveVersion = 1;
	classes = {
	};
	objectVersion = 46;
	objects = {

/* Begin PBXBuildFile section */
		B5B74DBA1B8C5EF600AE01C9 /* main.m in Sources */ = {isa = PBXBuildFile; fileRef = B5B74DB91B8C5EF600AE01C9 /* main.m */; };
		B5B74DBD1B8C5EF600AE01C9 /* AppDelegate.m in Sources */ = {isa = PBXBuildFile; fileRef = B5B74DBC1B8C5EF600AE01C9 /* AppDelegate.m */; };
		B5B74DC01B8C5EF600AE01C9 /* ViewController.m in Sources */ = {isa = PBXBuildFile; fileRef = B5B74DBF1B8C5EF600AE01C9 /* ViewController.m */; };
		B5B74DC31B8C5EF600AE01C9 /* Main.storyboard in Resources */ = {isa = PBXBuildFile; fileRef = B5B74DC11B8C5EF600AE01C9 /* Main.storyboard */; };
		B5B74DC51B8C5EF600AE01C9 /* Images.xcassets in Resources */ = {isa = PBXBuildFile; fileRef = B5B74DC41B8C5EF600AE01C9 /* Images.xcassets */; };
		B5B74DD41B8C5EF600AE01C9 /* YESafetyPinDemoTests.m in Sources */ = {isa = PBXBuildFile; fileRef = B5B74DD31B8C5EF600AE01C9 /* YESafetyPinDemoTests.m */; };
		FE3E4F0B1F8AEDFA00AE8A12 /* YESafetyPin.m in Sources */ = {isa = PBXBuildFile; fileRef = FE3E4F0A1F8AEDFA00AE8A12 /* YESafetyPin.m */; };
		FE3E4F0F1F8AFB3E00AE8A12 /* LaunchImage.png in Resources */ = {isa = PBXBuildFile; fileRef = FE3E4F0E1F8AFB3E00AE8A12 /* LaunchImage.png */; };
		FE3E4F151F8B000C00AE8A12 /* LaunchScreen.xib in Resources */ = {isa = PBXBuildFile; fileRef = FE3E4F131F8B000C00AE8A12 /* LaunchScreen.xib */; };
/* End PBXBuildFile section */

/* Begin PBXContainerItemProxy section */
		B5B74DCE1B8C5EF600AE01C9 /* PBXContainerItemProxy */ = {
			isa = PBXContainerItemProxy;
			containerPortal = B5B74DAC1B8C5EF600AE01C9 /* Project object */;
			proxyType = 1;
			remoteGlobalIDString = B5B74DB31B8C5EF600AE01C9;
			remoteInfo = XTSafeCollection;
		};
/* End PBXContainerItemProxy section */

/* Begin PBXFileReference section */
		B5B74DB41B8C5EF600AE01C9 /* YESafetyPinDemo.app */ = {isa = PBXFileReference; explicitFileType = wrapper.application; includeInIndex = 0; path = YESafetyPinDemo.app; sourceTree = BUILT_PRODUCTS_DIR; };
		B5B74DB81B8C5EF600AE01C9 /* Info.plist */ = {isa = PBXFileReference; lastKnownFileType = text.plist.xml; path = Info.plist; sourceTree = "<group>"; };
		B5B74DB91B8C5EF600AE01C9 /* main.m */ = {isa = PBXFileReference; lastKnownFileType = sourcecode.c.objc; path = main.m; sourceTree = "<group>"; };
		B5B74DBB1B8C5EF600AE01C9 /* AppDelegate.h */ = {isa = PBXFileReference; lastKnownFileType = sourcecode.c.h; path = AppDelegate.h; sourceTree = "<group>"; };
		B5B74DBC1B8C5EF600AE01C9 /* AppDelegate.m */ = {isa = PBXFileReference; lastKnownFileType = sourcecode.c.objc; path = AppDelegate.m; sourceTree = "<group>"; };
		B5B74DBE1B8C5EF600AE01C9 /* ViewController.h */ = {isa = PBXFileReference; lastKnownFileType = sourcecode.c.h; path = ViewController.h; sourceTree = "<group>"; };
		B5B74DBF1B8C5EF600AE01C9 /* ViewController.m */ = {isa = PBXFileReference; lastKnownFileType = sourcecode.c.objc; path = ViewController.m; sourceTree = "<group>"; };
		B5B74DC21B8C5EF600AE01C9 /* Base */ = {isa = PBXFileReference; lastKnownFileType = file.storyboard; name = Base; path = Base.lproj/Main.storyboard; sourceTree = "<group>"; };
		B5B74DC41B8C5EF600AE01C9 /* Images.xcassets */ = {isa = PBXFileReference; lastKnownFileType = folder.assetcatalog; path = Images.xcassets; sourceTree = "<group>"; };
		B5B74DCD1B8C5EF600AE01C9 /* YESafetyPinDemoTests.xctest */ = {isa = PBXFileReference; explicitFileType = wrapper.cfbundle; includeInIndex = 0; path = YESafetyPinDemoTests.xctest; sourceTree = BUILT_PRODUCTS_DIR; };
		B5B74DD21B8C5EF600AE01C9 /* Info.plist */ = {isa = PBXFileReference; lastKnownFileType = text.plist.xml; path = Info.plist; sourceTree = "<group>"; };
		B5B74DD31B8C5EF600AE01C9 /* YESafetyPinDemoTests.m */ = {isa = PBXFileReference; lastKnownFileType = sourcecode.c.objc; path = YESafetyPinDemoTests.m; sourceTree = "<group>"; };
		FE3E4F091F8AEDFA00AE8A12 /* YESafetyPin.h */ = {isa = PBXFileReference; fileEncoding = 4; lastKnownFileType = sourcecode.c.h; path = YESafetyPin.h; sourceTree = "<group>"; };
		FE3E4F0A1F8AEDFA00AE8A12 /* YESafetyPin.m */ = {isa = PBXFileReference; fileEncoding = 4; lastKnownFileType = sourcecode.c.objc; path = YESafetyPin.m; sourceTree = "<group>"; };
		FE3E4F0E1F8AFB3E00AE8A12 /* LaunchImage.png */ = {isa = PBXFileReference; lastKnownFileType = image.png; name = LaunchImage.png; path = Images.xcassets/LaunchImage.png; sourceTree = "<group>"; };
		FE3E4F141F8B000C00AE8A12 /* Base */ = {isa = PBXFileReference; lastKnownFileType = file.xib; name = Base; path = Base.lproj/LaunchScreen.xib; sourceTree = "<group>"; };
/* End PBXFileReference section */

/* Begin PBXFrameworksBuildPhase section */
		B5B74DB11B8C5EF600AE01C9 /* Frameworks */ = {
			isa = PBXFrameworksBuildPhase;
			buildActionMask = 2147483647;
			files = (
			);
			runOnlyForDeploymentPostprocessing = 0;
		};
		B5B74DCA1B8C5EF600AE01C9 /* Frameworks */ = {
			isa = PBXFrameworksBuildPhase;
			buildActionMask = 2147483647;
			files = (
			);
			runOnlyForDeploymentPostprocessing = 0;
		};
/* End PBXFrameworksBuildPhase section */

/* Begin PBXGroup section */
		B5B74DAB1B8C5EF600AE01C9 = {
			isa = PBXGroup;
			children = (
				B5B74DB61B8C5EF600AE01C9 /* YESafetyPinDemo */,
				B5B74DD01B8C5EF600AE01C9 /* YESafetyPinDemoTests */,
				B5B74DB51B8C5EF600AE01C9 /* Products */,
			);
			sourceTree = "<group>";
		};
		B5B74DB51B8C5EF600AE01C9 /* Products */ = {
			isa = PBXGroup;
			children = (
				B5B74DB41B8C5EF600AE01C9 /* YESafetyPinDemo.app */,
				B5B74DCD1B8C5EF600AE01C9 /* YESafetyPinDemoTests.xctest */,
			);
			name = Products;
			sourceTree = "<group>";
		};
		B5B74DB61B8C5EF600AE01C9 /* YESafetyPinDemo */ = {
			isa = PBXGroup;
			children = (
				FE3E4F131F8B000C00AE8A12 /* LaunchScreen.xib */,
				FE3E4F0C1F8AFB0900AE8A12 /* Resources */,
				B5B74DDD1B8C5F1F00AE01C9 /* YESafetyPin */,
				B5B74DBB1B8C5EF600AE01C9 /* AppDelegate.h */,
				B5B74DBC1B8C5EF600AE01C9 /* AppDelegate.m */,
				B5B74DBE1B8C5EF600AE01C9 /* ViewController.h */,
				B5B74DBF1B8C5EF600AE01C9 /* ViewController.m */,
				B5B74DC11B8C5EF600AE01C9 /* Main.storyboard */,
				B5B74DC41B8C5EF600AE01C9 /* Images.xcassets */,
				B5B74DB71B8C5EF600AE01C9 /* Supporting Files */,
			);
			path = YESafetyPinDemo;
			sourceTree = "<group>";
		};
		B5B74DB71B8C5EF600AE01C9 /* Supporting Files */ = {
			isa = PBXGroup;
			children = (
				B5B74DB81B8C5EF600AE01C9 /* Info.plist */,
				B5B74DB91B8C5EF600AE01C9 /* main.m */,
			);
			name = "Supporting Files";
			sourceTree = "<group>";
		};
		B5B74DD01B8C5EF600AE01C9 /* YESafetyPinDemoTests */ = {
			isa = PBXGroup;
			children = (
				B5B74DD31B8C5EF600AE01C9 /* YESafetyPinDemoTests.m */,
				B5B74DD11B8C5EF600AE01C9 /* Supporting Files */,
			);
			path = YESafetyPinDemoTests;
			sourceTree = "<group>";
		};
		B5B74DD11B8C5EF600AE01C9 /* Supporting Files */ = {
			isa = PBXGroup;
			children = (
				B5B74DD21B8C5EF600AE01C9 /* Info.plist */,
			);
			name = "Supporting Files";
			sourceTree = "<group>";
		};
		B5B74DDD1B8C5F1F00AE01C9 /* YESafetyPin */ = {
			isa = PBXGroup;
			children = (
				FE3E4F091F8AEDFA00AE8A12 /* YESafetyPin.h */,
				FE3E4F0A1F8AEDFA00AE8A12 /* YESafetyPin.m */,
			);
			name = YESafetyPin;
			path = ../YESafetyPinDemo/YESafetyPin;
			sourceTree = "<group>";
		};
		FE3E4F0C1F8AFB0900AE8A12 /* Resources */ = {
			isa = PBXGroup;
			children = (
				FE3E4F0D1F8AFB1700AE8A12 /* Images */,
			);
			name = Resources;
			sourceTree = "<group>";
		};
		FE3E4F0D1F8AFB1700AE8A12 /* Images */ = {
			isa = PBXGroup;
			children = (
				FE3E4F0E1F8AFB3E00AE8A12 /* LaunchImage.png */,
			);
			name = Images;
			sourceTree = "<group>";
		};
/* End PBXGroup section */

/* Begin PBXNativeTarget section */
		B5B74DB31B8C5EF600AE01C9 /* YESafetyPinDemo */ = {
			isa = PBXNativeTarget;
			buildConfigurationList = B5B74DD71B8C5EF600AE01C9 /* Build configuration list for PBXNativeTarget "YESafetyPinDemo" */;
			buildPhases = (
				B5B74DB01B8C5EF600AE01C9 /* Sources */,
				B5B74DB11B8C5EF600AE01C9 /* Frameworks */,
				B5B74DB21B8C5EF600AE01C9 /* Resources */,
			);
			buildRules = (
			);
			dependencies = (
			);
			name = YESafetyPinDemo;
			productName = XTSafeCollection;
			productReference = B5B74DB41B8C5EF600AE01C9 /* YESafetyPinDemo.app */;
			productType = "com.apple.product-type.application";
		};
		B5B74DCC1B8C5EF600AE01C9 /* YESafetyPinDemoTests */ = {
			isa = PBXNativeTarget;
			buildConfigurationList = B5B74DDA1B8C5EF600AE01C9 /* Build configuration list for PBXNativeTarget "YESafetyPinDemoTests" */;
			buildPhases = (
				B5B74DC91B8C5EF600AE01C9 /* Sources */,
				B5B74DCA1B8C5EF600AE01C9 /* Frameworks */,
				B5B74DCB1B8C5EF600AE01C9 /* Resources */,
			);
			buildRules = (
			);
			dependencies = (
				B5B74DCF1B8C5EF600AE01C9 /* PBXTargetDependency */,
			);
			name = YESafetyPinDemoTests;
			productName = XTSafeCollectionTests;
			productReference = B5B74DCD1B8C5EF600AE01C9 /* YESafetyPinDemoTests.xctest */;
			productType = "com.apple.product-type.bundle.unit-test";
		};
/* End PBXNativeTarget section */

/* Begin PBXProject section */
		B5B74DAC1B8C5EF600AE01C9 /* Project object */ = {
			isa = PBXProject;
			attributes = {
				LastUpgradeCheck = 0630;
				ORGANIZATIONNAME = "X-Team";
				TargetAttributes = {
					B5B74DB31B8C5EF600AE01C9 = {
						CreatedOnToolsVersion = 6.3.2;
						DevelopmentTeam = 9RYZ48JJ5T;
					};
					B5B74DCC1B8C5EF600AE01C9 = {
						CreatedOnToolsVersion = 6.3.2;
						DevelopmentTeam = 9RYZ48JJ5T;
						TestTargetID = B5B74DB31B8C5EF600AE01C9;
					};
				};
			};
			buildConfigurationList = B5B74DAF1B8C5EF600AE01C9 /* Build configuration list for PBXProject "YESafetyPinDemo" */;
			compatibilityVersion = "Xcode 3.2";
			developmentRegion = English;
			hasScannedForEncodings = 0;
			knownRegions = (
				en,
				Base,
			);
			mainGroup = B5B74DAB1B8C5EF600AE01C9;
			productRefGroup = B5B74DB51B8C5EF600AE01C9 /* Products */;
			projectDirPath = "";
			projectRoot = "";
			targets = (
				B5B74DB31B8C5EF600AE01C9 /* YESafetyPinDemo */,
				B5B74DCC1B8C5EF600AE01C9 /* YESafetyPinDemoTests */,
			);
		};
/* End PBXProject section */

/* Begin PBXResourcesBuildPhase section */
		B5B74DB21B8C5EF600AE01C9 /* Resources */ = {
			isa = PBXResourcesBuildPhase;
			buildActionMask = 2147483647;
			files = (
				FE3E4F151F8B000C00AE8A12 /* LaunchScreen.xib in Resources */,
				FE3E4F0F1F8AFB3E00AE8A12 /* LaunchImage.png in Resources */,
				B5B74DC31B8C5EF600AE01C9 /* Main.storyboard in Resources */,
				B5B74DC51B8C5EF600AE01C9 /* Images.xcassets in Resources */,
			);
			runOnlyForDeploymentPostprocessing = 0;
		};
		B5B74DCB1B8C5EF600AE01C9 /* Resources */ = {
			isa = PBXResourcesBuildPhase;
			buildActionMask = 2147483647;
			files = (
			);
			runOnlyForDeploymentPostprocessing = 0;
		};
/* End PBXResourcesBuildPhase section */

/* Begin PBXSourcesBuildPhase section */
		B5B74DB01B8C5EF600AE01C9 /* Sources */ = {
			isa = PBXSourcesBuildPhase;
			buildActionMask = 2147483647;
			files = (
				B5B74DC01B8C5EF600AE01C9 /* ViewController.m in Sources */,
				FE3E4F0B1F8AEDFA00AE8A12 /* YESafetyPin.m in Sources */,
				B5B74DBD1B8C5EF600AE01C9 /* AppDelegate.m in Sources */,
				B5B74DBA1B8C5EF600AE01C9 /* main.m in Sources */,
			);
			runOnlyForDeploymentPostprocessing = 0;
		};
		B5B74DC91B8C5EF600AE01C9 /* Sources */ = {
			isa = PBXSourcesBuildPhase;
			buildActionMask = 2147483647;
			files = (
				B5B74DD41B8C5EF600AE01C9 /* YESafetyPinDemoTests.m in Sources */,
			);
			runOnlyForDeploymentPostprocessing = 0;
		};
/* End PBXSourcesBuildPhase section */

/* Begin PBXTargetDependency section */
		B5B74DCF1B8C5EF600AE01C9 /* PBXTargetDependency */ = {
			isa = PBXTargetDependency;
			target = B5B74DB31B8C5EF600AE01C9 /* YESafetyPinDemo */;
			targetProxy = B5B74DCE1B8C5EF600AE01C9 /* PBXContainerItemProxy */;
		};
/* End PBXTargetDependency section */

/* Begin PBXVariantGroup section */
		B5B74DC11B8C5EF600AE01C9 /* Main.storyboard */ = {
			isa = PBXVariantGroup;
			children = (
				B5B74DC21B8C5EF600AE01C9 /* Base */,
			);
			name = Main.storyboard;
			sourceTree = "<group>";
		};
		FE3E4F131F8B000C00AE8A12 /* LaunchScreen.xib */ = {
			isa = PBXVariantGroup;
			children = (
				FE3E4F141F8B000C00AE8A12 /* Base */,
			);
			name = LaunchScreen.xib;
			sourceTree = "<group>";
		};
/* End PBXVariantGroup section */

/* Begin XCBuildConfiguration section */
		B5B74DD51B8C5EF600AE01C9 /* Debug */ = {
			isa = XCBuildConfiguration;
			buildSettings = {
				ALWAYS_SEARCH_USER_PATHS = NO;
				CLANG_CXX_LANGUAGE_STANDARD = "gnu++0x";
				CLANG_CXX_LIBRARY = "libc++";
				CLANG_ENABLE_MODULES = YES;
				CLANG_ENABLE_OBJC_ARC = YES;
				CLANG_WARN_BOOL_CONVERSION = YES;
				CLANG_WARN_CONSTANT_CONVERSION = YES;
				CLANG_WARN_DIRECT_OBJC_ISA_USAGE = YES_ERROR;
				CLANG_WARN_EMPTY_BODY = YES;
				CLANG_WARN_ENUM_CONVERSION = YES;
				CLANG_WARN_INT_CONVERSION = YES;
				CLANG_WARN_OBJC_ROOT_CLASS = YES_ERROR;
				CLANG_WARN_UNREACHABLE_CODE = YES;
				CLANG_WARN__DUPLICATE_METHOD_MATCH = YES;
				"CODE_SIGN_IDENTITY[sdk=iphoneos*]" = "iPhone Developer";
				COPY_PHASE_STRIP = NO;
				DEBUG_INFORMATION_FORMAT = "dwarf-with-dsym";
				ENABLE_STRICT_OBJC_MSGSEND = YES;
				GCC_C_LANGUAGE_STANDARD = gnu99;
				GCC_DYNAMIC_NO_PIC = NO;
				GCC_NO_COMMON_BLOCKS = YES;
				GCC_OPTIMIZATION_LEVEL = 0;
				GCC_PREPROCESSOR_DEFINITIONS = (
					"DEBUG=1",
					"$(inherited)",
				);
				GCC_SYMBOLS_PRIVATE_EXTERN = NO;
				GCC_WARN_64_TO_32_BIT_CONVERSION = YES;
				GCC_WARN_ABOUT_RETURN_TYPE = YES_ERROR;
				GCC_WARN_UNDECLARED_SELECTOR = YES;
				GCC_WARN_UNINITIALIZED_AUTOS = YES_AGGRESSIVE;
				GCC_WARN_UNUSED_FUNCTION = YES;
				GCC_WARN_UNUSED_VARIABLE = YES;
				IPHONEOS_DEPLOYMENT_TARGET = 8.3;
				MTL_ENABLE_DEBUG_INFO = YES;
				ONLY_ACTIVE_ARCH = YES;
				SDKROOT = iphoneos;
			};
			name = Debug;
		};
		B5B74DD61B8C5EF600AE01C9 /* Release */ = {
			isa = XCBuildConfiguration;
			buildSettings = {
				ALWAYS_SEARCH_USER_PATHS = NO;
				CLANG_CXX_LANGUAGE_STANDARD = "gnu++0x";
				CLANG_CXX_LIBRARY = "libc++";
				CLANG_ENABLE_MODULES = YES;
				CLANG_ENABLE_OBJC_ARC = YES;
				CLANG_WARN_BOOL_CONVERSION = YES;
				CLANG_WARN_CONSTANT_CONVERSION = YES;
				CLANG_WARN_DIRECT_OBJC_ISA_USAGE = YES_ERROR;
				CLANG_WARN_EMPTY_BODY = YES;
				CLANG_WARN_ENUM_CONVERSION = YES;
				CLANG_WARN_INT_CONVERSION = YES;
				CLANG_WARN_OBJC_ROOT_CLASS = YES_ERROR;
				CLANG_WARN_UNREACHABLE_CODE = YES;
				CLANG_WARN__DUPLICATE_METHOD_MATCH = YES;
				"CODE_SIGN_IDENTITY[sdk=iphoneos*]" = "iPhone Developer";
				COPY_PHASE_STRIP = NO;
				DEBUG_INFORMATION_FORMAT = "dwarf-with-dsym";
				ENABLE_NS_ASSERTIONS = NO;
				ENABLE_STRICT_OBJC_MSGSEND = YES;
				GCC_C_LANGUAGE_STANDARD = gnu99;
				GCC_NO_COMMON_BLOCKS = YES;
				GCC_WARN_64_TO_32_BIT_CONVERSION = YES;
				GCC_WARN_ABOUT_RETURN_TYPE = YES_ERROR;
				GCC_WARN_UNDECLARED_SELECTOR = YES;
				GCC_WARN_UNINITIALIZED_AUTOS = YES_AGGRESSIVE;
				GCC_WARN_UNUSED_FUNCTION = YES;
				GCC_WARN_UNUSED_VARIABLE = YES;
				IPHONEOS_DEPLOYMENT_TARGET = 8.3;
				MTL_ENABLE_DEBUG_INFO = NO;
				SDKROOT = iphoneos;
				VALIDATE_PRODUCT = YES;
			};
			name = Release;
		};
		B5B74DD81B8C5EF600AE01C9 /* Debug */ = {
			isa = XCBuildConfiguration;
			buildSettings = {
				ASSETCATALOG_COMPILER_APPICON_NAME = AppIcon;
				DEVELOPMENT_TEAM = 9RYZ48JJ5T;
				INFOPLIST_FILE = YESafetyPinDemo/Info.plist;
				IPHONEOS_DEPLOYMENT_TARGET = 8.0;
				LD_RUNPATH_SEARCH_PATHS = "$(inherited) @executable_path/Frameworks";
				PRODUCT_NAME = "$(TARGET_NAME)";
			};
			name = Debug;
		};
		B5B74DD91B8C5EF600AE01C9 /* Release */ = {
			isa = XCBuildConfiguration;
			buildSettings = {
				ASSETCATALOG_COMPILER_APPICON_NAME = AppIcon;
				DEVELOPMENT_TEAM = 9RYZ48JJ5T;
				INFOPLIST_FILE = YESafetyPinDemo/Info.plist;
				IPHONEOS_DEPLOYMENT_TARGET = 8.0;
				LD_RUNPATH_SEARCH_PATHS = "$(inherited) @executable_path/Frameworks";
				PRODUCT_NAME = "$(TARGET_NAME)";
			};
			name = Release;
		};
		B5B74DDB1B8C5EF600AE01C9 /* Debug */ = {
			isa = XCBuildConfiguration;
			buildSettings = {
				BUNDLE_LOADER = "$(TEST_HOST)";
				DEVELOPMENT_TEAM = 9RYZ48JJ5T;
				FRAMEWORK_SEARCH_PATHS = (
					"$(SDKROOT)/Developer/Library/Frameworks",
					"$(inherited)",
				);
				GCC_PREPROCESSOR_DEFINITIONS = (
					"DEBUG=1",
					"$(inherited)",
				);
				INFOPLIST_FILE = YESafetyPinDemoTests/Info.plist;
				LD_RUNPATH_SEARCH_PATHS = "$(inherited) @executable_path/Frameworks @loader_path/Frameworks";
				PRODUCT_NAME = "$(TARGET_NAME)";
				TEST_HOST = "$(BUILT_PRODUCTS_DIR)/YESafetyPinDemo.app/YESafetyPinDemo";
			};
			name = Debug;
		};
		B5B74DDC1B8C5EF600AE01C9 /* Release */ = {
			isa = XCBuildConfiguration;
			buildSettings = {
				BUNDLE_LOADER = "$(TEST_HOST)";
				DEVELOPMENT_TEAM = 9RYZ48JJ5T;
				FRAMEWORK_SEARCH_PATHS = (
					"$(SDKROOT)/Developer/Library/Frameworks",
					"$(inherited)",
				);
				INFOPLIST_FILE = YESafetyPinDemoTests/Info.plist;
				LD_RUNPATH_SEARCH_PATHS = "$(inherited) @executable_path/Frameworks @loader_path/Frameworks";
				PRODUCT_NAME = "$(TARGET_NAME)";
				TEST_HOST = "$(BUILT_PRODUCTS_DIR)/YESafetyPinDemo.app/YESafetyPinDemo";
			};
			name = Release;
		};
/* End XCBuildConfiguration section */

/* Begin XCConfigurationList section */
		B5B74DAF1B8C5EF600AE01C9 /* Build configuration list for PBXProject "YESafetyPinDemo" */ = {
			isa = XCConfigurationList;
			buildConfigurations = (
				B5B74DD51B8C5EF600AE01C9 /* Debug */,
				B5B74DD61B8C5EF600AE01C9 /* Release */,
			);
			defaultConfigurationIsVisible = 0;
			defaultConfigurationName = Release;
		};
		B5B74DD71B8C5EF600AE01C9 /* Build configuration list for PBXNativeTarget "YESafetyPinDemo" */ = {
			isa = XCConfigurationList;
			buildConfigurations = (
				B5B74DD81B8C5EF600AE01C9 /* Debug */,
				B5B74DD91B8C5EF600AE01C9 /* Release */,
			);
			defaultConfigurationIsVisible = 0;
			defaultConfigurationName = Release;
		};
		B5B74DDA1B8C5EF600AE01C9 /* Build configuration list for PBXNativeTarget "YESafetyPinDemoTests" */ = {
			isa = XCConfigurationList;
			buildConfigurations = (
				B5B74DDB1B8C5EF600AE01C9 /* Debug */,
				B5B74DDC1B8C5EF600AE01C9 /* Release */,
			);
			defaultConfigurationIsVisible = 0;
			defaultConfigurationName = Release;
		};
/* End XCConfigurationList section */
	};
	rootObject = B5B74DAC1B8C5EF600AE01C9 /* Project object */;
}
